# @generated - this file is auto-generated by `mise lock` https://mise.jdx.dev/dev-tools/mise-lock.html

[[tools."aqua:helm/helm"]]
version = "3.17.2"
backend = "aqua:helm/helm"

[tools."aqua:helm/helm"."platforms.linux-arm64"]
checksum = "sha256:d78d76ec7625a94991e887ac049d93f44bd70e4876200b945f813c9e1ed1df7c"
url = "https://get.helm.sh/helm-v3.17.2-linux-arm64.tar.gz"

[tools."aqua:helm/helm"."platforms.linux-arm64-musl"]
checksum = "sha256:d78d76ec7625a94991e887ac049d93f44bd70e4876200b945f813c9e1ed1df7c"
url = "https://get.helm.sh/helm-v3.17.2-linux-arm64.tar.gz"

[tools."aqua:helm/helm"."platforms.linux-x64"]
checksum = "sha256:90c28792a1eb5fb0b50028e39ebf826531ebfcf73f599050dbd79bab2f277241"
url = "https://get.helm.sh/helm-v3.17.2-linux-amd64.tar.gz"

[tools."aqua:helm/helm"."platforms.linux-x64-musl"]
checksum = "sha256:90c28792a1eb5fb0b50028e39ebf826531ebfcf73f599050dbd79bab2f277241"
url = "https://get.helm.sh/helm-v3.17.2-linux-amd64.tar.gz"

[tools."aqua:helm/helm"."platforms.macos-arm64"]
checksum = "sha256:b843cebcbebc9eccb1e43aba9cca7693d32e9f2c4a35344990e3b7b381933948"
url = "https://get.helm.sh/helm-v3.17.2-darwin-arm64.tar.gz"

[tools."aqua:helm/helm"."platforms.macos-x64"]
checksum = "sha256:3e240238c7a3a10efd37b8e16615b28e94ba5db5957247bb42009ba6d52f76e9"
url = "https://get.helm.sh/helm-v3.17.2-darwin-amd64.tar.gz"

[tools."aqua:helm/helm"."platforms.windows-x64"]
checksum = "sha256:02c16e9932560986d3efb5460421c1fdf2ef05c5ae7966c41b7274f57b35a580"
url = "https://get.helm.sh/helm-v3.17.2-windows-amd64.tar.gz"

[[tools."aqua:k3d-io/k3d"]]
version = "5.8.3"
backend = "aqua:k3d-io/k3d"

[tools."aqua:k3d-io/k3d"."platforms.linux-arm64"]
checksum = "sha256:0b8110f2229631af7402fb828259330985918b08fefd38b7f1b788a1c8687216"
url = "https://github.com/k3d-io/k3d/releases/download/v5.8.3/k3d-linux-arm64"
url_api = "https://api.github.com/repos/k3d-io/k3d/releases/assets/229450023"

[tools."aqua:k3d-io/k3d"."platforms.linux-arm64-musl"]
checksum = "sha256:0b8110f2229631af7402fb828259330985918b08fefd38b7f1b788a1c8687216"
url = "https://github.com/k3d-io/k3d/releases/download/v5.8.3/k3d-linux-arm64"
url_api = "https://api.github.com/repos/k3d-io/k3d/releases/assets/229450023"

[tools."aqua:k3d-io/k3d"."platforms.linux-x64"]
checksum = "sha256:dbaa79a76ace7f4ca230a1ff41dc7d8a5036a8ad0309e9c54f9bf3836dbe853e"
url = "https://github.com/k3d-io/k3d/releases/download/v5.8.3/k3d-linux-amd64"
url_api = "https://api.github.com/repos/k3d-io/k3d/releases/assets/229450045"

[tools."aqua:k3d-io/k3d"."platforms.linux-x64-musl"]
checksum = "sha256:dbaa79a76ace7f4ca230a1ff41dc7d8a5036a8ad0309e9c54f9bf3836dbe853e"
url = "https://github.com/k3d-io/k3d/releases/download/v5.8.3/k3d-linux-amd64"
url_api = "https://api.github.com/repos/k3d-io/k3d/releases/assets/229450045"

[tools."aqua:k3d-io/k3d"."platforms.macos-arm64"]
checksum = "sha256:8da468daa7dc7cf7cdd4735f90a9bb05179fa27858250f62e3d8cdf5b5ca0698"
url = "https://github.com/k3d-io/k3d/releases/download/v5.8.3/k3d-darwin-arm64"
url_api = "https://api.github.com/repos/k3d-io/k3d/releases/assets/229450067"

[tools."aqua:k3d-io/k3d"."platforms.macos-x64"]
checksum = "sha256:fd0f8e9e8ea4d8bc3674572ca6ed0833b639bf57c43c708616d937377324cfea"
url = "https://github.com/k3d-io/k3d/releases/download/v5.8.3/k3d-darwin-amd64"
url_api = "https://api.github.com/repos/k3d-io/k3d/releases/assets/229450076"

[tools."aqua:k3d-io/k3d"."platforms.windows-x64"]
checksum = "sha256:655d2aadcb1f0a0dd196c5cbc564687ba945a9547c8e82c9fc532051fb260e22"
url = "https://github.com/k3d-io/k3d/releases/download/v5.8.3/k3d-windows-amd64.exe"
url_api = "https://api.github.com/repos/k3d-io/k3d/releases/assets/229450011"

[[tools."aqua:kubernetes/kubectl"]]
version = "1.32.3"
backend = "aqua:kubernetes/kubectl"

[tools."aqua:kubernetes/kubectl"."platforms.linux-arm64"]
checksum = "sha256:6c2c91e760efbf3fa111a5f0b99ba8975fb1c58bb3974eca88b6134bcf3717e2"
url = "https://dl.k8s.io/v1.32.3/bin/linux/arm64/kubectl"

[tools."aqua:kubernetes/kubectl"."platforms.linux-arm64-musl"]
checksum = "sha256:6c2c91e760efbf3fa111a5f0b99ba8975fb1c58bb3974eca88b6134bcf3717e2"
url = "https://dl.k8s.io/v1.32.3/bin/linux/arm64/kubectl"

[tools."aqua:kubernetes/kubectl"."platforms.linux-x64"]
checksum = "sha256:ab209d0c5134b61486a0486585604a616a5bb2fc07df46d304b3c95817b2d79f"
url = "https://dl.k8s.io/v1.32.3/bin/linux/amd64/kubectl"

[tools."aqua:kubernetes/kubectl"."platforms.linux-x64-musl"]
checksum = "sha256:ab209d0c5134b61486a0486585604a616a5bb2fc07df46d304b3c95817b2d79f"
url = "https://dl.k8s.io/v1.32.3/bin/linux/amd64/kubectl"

[tools."aqua:kubernetes/kubectl"."platforms.macos-arm64"]
checksum = "sha256:a110af64fc31e2360dd0f18e4110430e6eedda1a64f96e9d89059740a7685bbd"
url = "https://dl.k8s.io/v1.32.3/bin/darwin/arm64/kubectl"

[tools."aqua:kubernetes/kubectl"."platforms.macos-x64"]
checksum = "sha256:b814c523071cd09e27c88d8c87c0e9b054ca0cf5c2b93baf3127750a4f194d5b"
url = "https://dl.k8s.io/v1.32.3/bin/darwin/amd64/kubectl"

[tools."aqua:kubernetes/kubectl"."platforms.windows-x64"]
checksum = "sha256:3fd1576a902ecf713f7d6390ae01799e370883e0341177ee09dbdc362db953e3"
url = "https://dl.k8s.io/v1.32.3/bin/windows/amd64/kubectl.exe"

[[tools.node]]
version = "22.22.0"
backend = "core:node"

[tools.node."platforms.linux-arm64"]
checksum = "sha256:25ba95dfb96871fa2ef977f11f95ea90818c8fa15c0f2110771db08d4ba423be"
url = "https://nodejs.org/dist/v22.22.0/node-v22.22.0-linux-arm64.tar.gz"

[tools.node."platforms.linux-arm64-musl"]
checksum = "sha256:588f9759b51c2b4917225ae0985c189b418158eb4504afe2febbfd30786b6ca1"
url = "https://unofficial-builds.nodejs.org/download/release/v22.22.0/node-v22.22.0-linux-arm64-musl.tar.gz"

[tools.node."platforms.linux-x64"]
checksum = "sha256:c33c39ed9c80deddde77c960d00119918b9e352426fd604ba41638d6526a4744"
url = "https://nodejs.org/dist/v22.22.0/node-v22.22.0-linux-x64.tar.gz"

[tools.node."platforms.linux-x64-musl"]
checksum = "sha256:c4802f0941790592249fbd01e9f0e4313b99aebb21d88adc2dba6933bdc3dc48"
url = "https://unofficial-builds.nodejs.org/download/release/v22.22.0/node-v22.22.0-linux-x64-musl.tar.gz"

[tools.node."platforms.macos-arm64"]
checksum = "sha256:5ed4db0fcf1eaf84d91ad12462631d73bf4576c1377e192d222e48026a902640"
url = "https://nodejs.org/dist/v22.22.0/node-v22.22.0-darwin-arm64.tar.gz"

[tools.node."platforms.macos-x64"]
checksum = "sha256:5ea50c9d6dea3dfa3abb66b2656f7a4e1c8cef23432b558d45fb538c7b5dedce"
url = "https://nodejs.org/dist/v22.22.0/node-v22.22.0-darwin-x64.tar.gz"

[tools.node."platforms.windows-x64"]
checksum = "sha256:c97fa376d2becdc8863fcd3ca2dd9a83a9f3468ee7ccf7a6d076ec66a645c77a"
url = "https://nodejs.org/dist/v22.22.0/node-v22.22.0-win-x64.zip"

[[tools.pnpm]]
version = "11.9.0"
backend = "aqua:pnpm/pnpm"

[tools.pnpm."platforms.linux-arm64"]
checksum = "sha256:7981d0109fffdf8f15b838243240c8c9f9114dd4b7111d4227c1453522d75b61"
url = "https://github.com/pnpm/pnpm/releases/download/v11.9.0/pnpm-linux-arm64.tar.gz"
url_api = "https://api.github.com/repos/pnpm/pnpm/releases/assets/455748044"
provenance = "github-attestations"

[tools.pnpm."platforms.linux-arm64-musl"]
checksum = "sha256:3622d3010d6af601190e7b63994fb0fe297e805699145aec949f4879f2672fb5"
url = "https://github.com/pnpm/pnpm/releases/download/v11.9.0/pnpm-linux-arm64-musl.tar.gz"
url_api = "https://api.github.com/repos/pnpm/pnpm/releases/assets/455748040"
provenance = "github-attestations"

[tools.pnpm."platforms.linux-x64"]
checksum = "sha256:8d987d82585453bcf260ea5d0bae346d298f1a5e71bcde8d99976521408ad895"
url = "https://github.com/pnpm/pnpm/releases/download/v11.9.0/pnpm-linux-x64.tar.gz"
url_api = "https://api.github.com/repos/pnpm/pnpm/releases/assets/455748039"
provenance = "github-attestations"

[tools.pnpm."platforms.linux-x64-musl"]
checksum = "sha256:655fcf2609e3145cfd7c2f05113429523706d0a618f2957eaa6c3562f6a5998b"
url = "https://github.com/pnpm/pnpm/releases/download/v11.9.0/pnpm-linux-x64-musl.tar.gz"
url_api = "https://api.github.com/repos/pnpm/pnpm/releases/assets/455748037"
provenance = "github-attestations"

[tools.pnpm."platforms.macos-arm64"]
checksum = "sha256:ca6f98a8911ec975509464026205e2b54aed74cecd36c5ae9932e5997bd7de2a"
url = "https://github.com/pnpm/pnpm/releases/download/v11.9.0/pnpm-darwin-arm64.tar.gz"
url_api = "https://api.github.com/repos/pnpm/pnpm/releases/assets/455748038"
provenance = "github-attestations"

[tools.pnpm."platforms.windows-x64"]
checksum = "sha256:82c130717a59f237c49e8eaa8a7ed75c1d8d351a5b6dedeee3196b8e1b597c6e"
url = "https://github.com/pnpm/pnpm/releases/download/v11.9.0/pnpm-win32-x64.zip"
url_api = "https://api.github.com/repos/pnpm/pnpm/releases/assets/455748043"
provenance = "github-attestations"

[[tools.python]]
version = "3.12.10"
backend = "core:python"

[tools.python."platforms.linux-arm64"]
checksum = "sha256:235d0666528a8e948896f68c08964dc8dd14a54c68e5cbd4924594d2e20f81b9"
url = "https://github.com/astral-sh/python-build-standalone/releases/download/20250529/cpython-3.12.10+20250529-aarch64-unknown-linux-gnu-install_only_stripped.tar.gz"
provenance = "github-attestations"

[tools.python."platforms.linux-x64"]
checksum = "sha256:f50d08e0304b15d752b22932047135c1dc02f81977b284e51288be9d90627bca"
url = "https://github.com/astral-sh/python-build-standalone/releases/download/20250529/cpython-3.12.10+20250529-x86_64-unknown-linux-gnu-install_only_stripped.tar.gz"
provenance = "github-attestations"

[tools.python."platforms.linux-x64-musl"]
checksum = "sha256:ebcb774652aeaa10c8b9a5825be257e7b21b604aac1bac2d3f6f1403de116ce8"
url = "https://github.com/astral-sh/python-build-standalone/releases/download/20250529/cpython-3.12.10+20250529-x86_64-unknown-linux-musl-install_only_stripped.tar.gz"
provenance = "github-attestations"

[tools.python."platforms.macos-arm64"]
checksum = "sha256:2579c9ffcbb0a745f1de3d645612c7466269eb9a23316a54ece49d50c1c9122f"
url = "https://github.com/astral-sh/python-build-standalone/releases/download/20250529/cpython-3.12.10+20250529-aarch64-apple-darwin-install_only_stripped.tar.gz"
provenance = "github-attestations"

[tools.python."platforms.macos-x64"]
checksum = "sha256:f171af578ecdbbcf63cbb0abd08f382df3e0d091e98c3161b3f84cd9d0acc0fd"
url = "https://github.com/astral-sh/python-build-standalone/releases/download/20250529/cpython-3.12.10+20250529-x86_64-apple-darwin-install_only_stripped.tar.gz"
provenance = "github-attestations"

[tools.python."platforms.windows-x64"]
checksum = "sha256:ca22a9a9e64ecab6d0b5de7cdf8b679ccaa41e9def6aaa2b4aaa6bb23ec7aaba"
url = "https://github.com/astral-sh/python-build-standalone/releases/download/20250529/cpython-3.12.10+20250529-x86_64-pc-windows-msvc-install_only_stripped.tar.gz"
provenance = "github-attestations"

[[tools.uv]]
version = "0.9.26"
backend = "aqua:astral-sh/uv"

[tools.uv."platforms.linux-arm64"]
checksum = "sha256:ba8698c36c00c22efed4bd3506339b03c95604d001f02eaf6fbc814c9224d801"
url = "https://github.com/astral-sh/uv/releases/download/0.9.26/uv-aarch64-unknown-linux-musl.tar.gz"
url_api = "https://api.github.com/repos/astral-sh/uv/releases/assets/341117822"
provenance = "github-attestations"

[tools.uv."platforms.linux-arm64-musl"]
checksum = "sha256:ba8698c36c00c22efed4bd3506339b03c95604d001f02eaf6fbc814c9224d801"
url = "https://github.com/astral-sh/uv/releases/download/0.9.26/uv-aarch64-unknown-linux-musl.tar.gz"
url_api = "https://api.github.com/repos/astral-sh/uv/releases/assets/341117822"
provenance = "github-attestations"

[tools.uv."platforms.linux-x64"]
checksum = "sha256:708b752876aeeb753257e1d55470569789e465684c1d3bc1760db26360b6c28b"
url = "https://github.com/astral-sh/uv/releases/download/0.9.26/uv-x86_64-unknown-linux-musl.tar.gz"
url_api = "https://api.github.com/repos/astral-sh/uv/releases/assets/341117879"
provenance = "github-attestations"

[tools.uv."platforms.linux-x64-musl"]
checksum = "sha256:708b752876aeeb753257e1d55470569789e465684c1d3bc1760db26360b6c28b"
url = "https://github.com/astral-sh/uv/releases/download/0.9.26/uv-x86_64-unknown-linux-musl.tar.gz"
url_api = "https://api.github.com/repos/astral-sh/uv/releases/assets/341117879"
provenance = "github-attestations"

[tools.uv."platforms.macos-arm64"]
checksum = "sha256:fcf0a9ea6599c6ae28a4c854ac6da76f2c889354d7c36ce136ef071f7ab9721f"
url = "https://github.com/astral-sh/uv/releases/download/0.9.26/uv-aarch64-apple-darwin.tar.gz"
url_api = "https://api.github.com/repos/astral-sh/uv/releases/assets/341117802"
provenance = "github-attestations"

[tools.uv."platforms.macos-x64"]
checksum = "sha256:171eb8c518313e157c5b4cec7b4f743bc6bab1bd23e09b646679a02d096a047f"
url = "https://github.com/astral-sh/uv/releases/download/0.9.26/uv-x86_64-apple-darwin.tar.gz"
url_api = "https://api.github.com/repos/astral-sh/uv/releases/assets/341117867"
provenance = "github-attestations"

[tools.uv."platforms.windows-x64"]
checksum = "sha256:eb02fd95d8e0eed462b4a67ecdd320d865b38c560bffcda9a0b87ec944bdf036"
url = "https://github.com/astral-sh/uv/releases/download/0.9.26/uv-x86_64-pc-windows-msvc.zip"
url_api = "https://api.github.com/repos/astral-sh/uv/releases/assets/341117870"
provenance = "github-attestations"
